
Microsoft Visual Studio Solution File, Format Version 11.00
# Visual Studio 2010
Project("{FAE04EC0-301F-11D3-BF4B-00C04F79EFBC}") = "csserver", "csserver\csserver.csproj", "{076B79C1-404B-4CA7-A41C-CDF5857895EC}"
EndProject
Project("{FAE04EC0-301F-11D3-BF4B-00C04F79EFBC}") = "InputServer", "InputServer\InputServer.csproj", "{C9D377ED-948C-436B-B355-4FD4D3421C0E}"
EndProject
Project("{FAE04EC0-301F-11D3-BF4B-00C04F79EFBC}") = "RemoteTrackpadServer", "RemoteTrackpadServer\RemoteTrackpadServer.csproj", "{FF8E4B5C-BBF1-4218-A69E-C5A2A417B24B}"
EndProject
Project("{930C7802-8A8C-48F9-8165-68863BCCD9DD}") = "RemoteTrackpadServerInstaller", "RemoteTrackpadServerInstaller\RemoteTrackpadServerInstaller.wixproj", "{CC9F3851-378D-4E87-8E10-D64699A8CCEE}"
	ProjectSection(ProjectDependencies) = postProject
		{FF8E4B5C-BBF1-4218-A69E-C5A2A417B24B} = {FF8E4B5C-BBF1-4218-A69E-C5A2A417B24B}
	EndProjectSection
EndProject
Project("{FAE04EC0-301F-11D3-BF4B-00C04F79EFBC}") = "InputController", "InputController\InputController.csproj", "{C0483EB9-EB86-4A66-A29F-367E0FC47225}"
EndProject
Project("{FAE04EC0-301F-11D3-BF4B-00C04F79EFBC}") = "WinInputController", "WinInputController\WinInputController.csproj", "{84F3757C-4EDB-4511-9ACC-1695A28D87BC}"
EndProject
Global
	GlobalSection(SolutionConfigurationPlatforms) = preSolution
		Debug|Any CPU = Debug|Any CPU
		Debug|Mixed Platforms = Debug|Mixed Platforms
		Debug|x86 = Debug|x86
		Release|Any CPU = Release|Any CPU
		Release|Mixed Platforms = Release|Mixed Platforms
		Release|x86 = Release|x86
	EndGlobalSection
	GlobalSection(ProjectConfigurationPlatforms) = postSolution
		{076B79C1-404B-4CA7-A41C-CDF5857895EC}.Debug|Any CPU.ActiveCfg = Debug|Any CPU
		{076B79C1-404B-4CA7-A41C-CDF5857895EC}.Debug|Any CPU.Build.0 = Debug|Any CPU
		{076B79C1-404B-4CA7-A41C-CDF5857895EC}.Debug|Mixed Platforms.ActiveCfg = Debug|Any CPU
		{076B79C1-404B-4CA7-A41C-CDF5857895EC}.Debug|Mixed Platforms.Build.0 = Debug|Any CPU
		{076B79C1-404B-4CA7-A41C-CDF5857895EC}.Debug|x86.ActiveCfg = Debug|x86
		{076B79C1-404B-4CA7-A41C-CDF5857895EC}.Debug|x86.Build.0 = Debug|x86
		{076B79C1-404B-4CA7-A41C-CDF5857895EC}.Release|Any CPU.ActiveCfg = Release|x86
		{076B79C1-404B-4CA7-A41C-CDF5857895EC}.Release|Any CPU.Build.0 = Release|x86
		{076B79C1-404B-4CA7-A41C-CDF5857895EC}.Release|Mixed Platforms.ActiveCfg = Release|Any CPU
		{076B79C1-404B-4CA7-A41C-CDF5857895EC}.Release|Mixed Platforms.Build.0 = Release|Any CPU
		{076B79C1-404B-4CA7-A41C-CDF5857895EC}.Release|x86.ActiveCfg = Release|x86
		{076B79C1-404B-4CA7-A41C-CDF5857895EC}.Release|x86.Build.0 = Release|x86
		{C9D377ED-948C-436B-B355-4FD4D3421C0E}.Debug|Any CPU.ActiveCfg = Debug|Any CPU
		{C9D377ED-948C-436B-B355-4FD4D3421C0E}.Debug|Any CPU.Build.0 = Debug|Any CPU
		{C9D377ED-948C-436B-B355-4FD4D3421C0E}.Debug|Mixed Platforms.ActiveCfg = Debug|x86
		{C9D377ED-948C-436B-B355-4FD4D3421C0E}.Debug|Mixed Platforms.Build.0 = Debug|x86
		{C9D377ED-948C-436B-B355-4FD4D3421C0E}.Debug|x86.ActiveCfg = Debug|x86
		{C9D377ED-948C-436B-B355-4FD4D3421C0E}.Debug|x86.Build.0 = Debug|x86
		{C9D377ED-948C-436B-B355-4FD4D3421C0E}.Release|Any CPU.ActiveCfg = Release|x86
		{C9D377ED-948C-436B-B355-4FD4D3421C0E}.Release|Any CPU.Build.0 = Release|x86
		{C9D377ED-948C-436B-B355-4FD4D3421C0E}.Release|Mixed Platforms.ActiveCfg = Release|x86
		{C9D377ED-948C-436B-B355-4FD4D3421C0E}.Release|Mixed Platforms.Build.0 = Release|x86
		{C9D377ED-948C-436B-B355-4FD4D3421C0E}.Release|x86.ActiveCfg = Release|x86
		{C9D377ED-948C-436B-B355-4FD4D3421C0E}.Release|x86.Build.0 = Release|x86
		{FF8E4B5C-BBF1-4218-A69E-C5A2A417B24B}.Debug|Any CPU.ActiveCfg = Debug|Any CPU
		{FF8E4B5C-BBF1-4218-A69E-C5A2A417B24B}.Debug|Any CPU.Build.0 = Debug|Any CPU
		{FF8E4B5C-BBF1-4218-A69E-C5A2A417B24B}.Debug|Mixed Platforms.ActiveCfg = Debug|Any CPU
		{FF8E4B5C-BBF1-4218-A69E-C5A2A417B24B}.Debug|Mixed Platforms.Build.0 = Debug|Any CPU
		{FF8E4B5C-BBF1-4218-A69E-C5A2A417B24B}.Debug|x86.ActiveCfg = Debug|x86
		{FF8E4B5C-BBF1-4218-A69E-C5A2A417B24B}.Debug|x86.Build.0 = Debug|x86
		{FF8E4B5C-BBF1-4218-A69E-C5A2A417B24B}.Release|Any CPU.ActiveCfg = Release|x86
		{FF8E4B5C-BBF1-4218-A69E-C5A2A417B24B}.Release|Any CPU.Build.0 = Release|x86
		{FF8E4B5C-BBF1-4218-A69E-C5A2A417B24B}.Release|Mixed Platforms.ActiveCfg = Release|Any CPU
		{FF8E4B5C-BBF1-4218-A69E-C5A2A417B24B}.Release|Mixed Platforms.Build.0 = Release|Any CPU
		{FF8E4B5C-BBF1-4218-A69E-C5A2A417B24B}.Release|x86.ActiveCfg = Release|x86
		{FF8E4B5C-BBF1-4218-A69E-C5A2A417B24B}.Release|x86.Build.0 = Release|x86
		{CC9F3851-378D-4E87-8E10-D64699A8CCEE}.Debug|Any CPU.ActiveCfg = Debug|x86
		{CC9F3851-378D-4E87-8E10-D64699A8CCEE}.Debug|Mixed Platforms.ActiveCfg = Debug|x86
		{CC9F3851-378D-4E87-8E10-D64699A8CCEE}.Debug|Mixed Platforms.Build.0 = Debug|x86
		{CC9F3851-378D-4E87-8E10-D64699A8CCEE}.Debug|x86.ActiveCfg = Debug|x86
		{CC9F3851-378D-4E87-8E10-D64699A8CCEE}.Debug|x86.Build.0 = Debug|x86
		{CC9F3851-378D-4E87-8E10-D64699A8CCEE}.Release|Any CPU.ActiveCfg = Release|x86
		{CC9F3851-378D-4E87-8E10-D64699A8CCEE}.Release|Mixed Platforms.ActiveCfg = Release|x86
		{CC9F3851-378D-4E87-8E10-D64699A8CCEE}.Release|Mixed Platforms.Build.0 = Release|x86
		{CC9F3851-378D-4E87-8E10-D64699A8CCEE}.Release|x86.ActiveCfg = Release|x86
		{CC9F3851-378D-4E87-8E10-D64699A8CCEE}.Release|x86.Build.0 = Release|x86
		{C0483EB9-EB86-4A66-A29F-367E0FC47225}.Debug|Any CPU.ActiveCfg = Debug|Any CPU
		{C0483EB9-EB86-4A66-A29F-367E0FC47225}.Debug|Any CPU.Build.0 = Debug|Any CPU
		{C0483EB9-EB86-4A66-A29F-367E0FC47225}.Debug|Mixed Platforms.ActiveCfg = Debug|Any CPU
		{C0483EB9-EB86-4A66-A29F-367E0FC47225}.Debug|Mixed Platforms.Build.0 = Debug|Any CPU
		{C0483EB9-EB86-4A66-A29F-367E0FC47225}.Debug|x86.ActiveCfg = Debug|x86
		{C0483EB9-EB86-4A66-A29F-367E0FC47225}.Debug|x86.Build.0 = Debug|x86
		{C0483EB9-EB86-4A66-A29F-367E0FC47225}.Release|Any CPU.ActiveCfg = Release|Any CPU
		{C0483EB9-EB86-4A66-A29F-367E0FC47225}.Release|Any CPU.Build.0 = Release|Any CPU
		{C0483EB9-EB86-4A66-A29F-367E0FC47225}.Release|Mixed Platforms.ActiveCfg = Release|Any CPU
		{C0483EB9-EB86-4A66-A29F-367E0FC47225}.Release|Mixed Platforms.Build.0 = Release|Any CPU
		{C0483EB9-EB86-4A66-A29F-367E0FC47225}.Release|x86.ActiveCfg = Release|x86
		{C0483EB9-EB86-4A66-A29F-367E0FC47225}.Release|x86.Build.0 = Release|x86
		{84F3757C-4EDB-4511-9ACC-1695A28D87BC}.Debug|Any CPU.ActiveCfg = Debug|Any CPU
		{84F3757C-4EDB-4511-9ACC-1695A28D87BC}.Debug|Any CPU.Build.0 = Debug|Any CPU
		{84F3757C-4EDB-4511-9ACC-1695A28D87BC}.Debug|Mixed Platforms.ActiveCfg = Debug|Any CPU
		{84F3757C-4EDB-4511-9ACC-1695A28D87BC}.Debug|Mixed Platforms.Build.0 = Debug|Any CPU
		{84F3757C-4EDB-4511-9ACC-1695A28D87BC}.Debug|x86.ActiveCfg = Debug|x86
		{84F3757C-4EDB-4511-9ACC-1695A28D87BC}.Debug|x86.Build.0 = Debug|x86
		{84F3757C-4EDB-4511-9ACC-1695A28D87BC}.Release|Any CPU.ActiveCfg = Release|Any CPU
		{84F3757C-4EDB-4511-9ACC-1695A28D87BC}.Release|Any CPU.Build.0 = Release|Any CPU
		{84F3757C-4EDB-4511-9ACC-1695A28D87BC}.Release|Mixed Platforms.ActiveCfg = Release|Any CPU
		{84F3757C-4EDB-4511-9ACC-1695A28D87BC}.Release|Mixed Platforms.Build.0 = Release|Any CPU
		{84F3757C-4EDB-4511-9ACC-1695A28D87BC}.Release|x86.ActiveCfg = Release|x86
		{84F3757C-4EDB-4511-9ACC-1695A28D87BC}.Release|x86.Build.0 = Release|x86
	EndGlobalSection
	GlobalSection(SolutionProperties) = preSolution
		HideSolutionNode = FALSE
	EndGlobalSection
EndGlobal
